
Microsoft Visual Studio Solution File, Format Version 12.00
# Visual Studio Version 17
VisualStudioVersion = 17.4.33213.308
MinimumVisualStudioVersion = 10.0.40219.1
Project("{FAE04EC0-301F-11D3-BF4B-00C04F79EFBC}") = "инфбезз2.2", "инфбезз2.2\инфбезз2.2.csproj", "{CC500F00-138D-47D8-BBD0-F53AD47D332F}"
EndProject
Global
	GlobalSection(SolutionConfigurationPlatforms) = preSolution
		Debug|Any CPU = Debug|Any CPU
		Release|Any CPU = Release|Any CPU
	EndGlobalSection
	GlobalSection(ProjectConfigurationPlatforms) = postSolution
		{CC500F00-138D-47D8-BBD0-F53AD47D332F}.Debug|Any CPU.ActiveCfg = Debug|Any CPU
		{CC500F00-138D-47D8-BBD0-F53AD47D332F}.Debug|Any CPU.Build.0 = Debug|Any CPU
		{CC500F00-138D-47D8-BBD0-F53AD47D332F}.Release|Any CPU.ActiveCfg = Release|Any CPU
		{CC500F00-138D-47D8-BBD0-F53AD47D332F}.Release|Any CPU.Build.0 = Release|Any CPU
	EndGlobalSection
	GlobalSection(SolutionProperties) = preSolution
		HideSolutionNode = FALSE
	EndGlobalSection
	GlobalSection(ExtensibilityGlobals) = postSolution
		SolutionGuid = {B63C54C6-1A74-4E3F-BACF-53705FFE1114}
	EndGlobalSection
EndGlobal
